
Microsoft Visual Studio Solution File, Format Version 12.00
# Visual Studio Version 16
VisualStudioVersion = 16.0.29009.5
MinimumVisualStudioVersion = 10.0.40219.1
Project("{FAE04EC0-301F-11D3-BF4B-00C04F79EFBC}") = "MyFirstMvcApp", "MyFirstMvcApp\MyFirstMvcApp.csproj", "{5BC08661-D00D-451F-B24B-EF314D662CB8}"
EndProject
Global
	GlobalSection(SolutionConfigurationPlatforms) = preSolution
		Debug|Any CPU = Debug|Any CPU
		Release|Any CPU = Release|Any CPU
	EndGlobalSection
	GlobalSection(ProjectConfigurationPlatforms) = postSolution
		{5BC08661-D00D-451F-B24B-EF314D662CB8}.Debug|Any CPU.ActiveCfg = Debug|Any CPU
		{5BC08661-D00D-451F-B24B-EF314D662CB8}.Debug|Any CPU.Build.0 = Debug|Any CPU
		{5BC08661-D00D-451F-B24B-EF314D662CB8}.Release|Any CPU.ActiveCfg = Release|Any CPU
		{5BC08661-D00D-451F-B24B-EF314D662CB8}.Release|Any CPU.Build.0 = Release|Any CPU
	EndGlobalSection
	GlobalSection(SolutionProperties) = preSolution
		HideSolutionNode = FALSE
	EndGlobalSection
	GlobalSection(ExtensibilityGlobals) = postSolution
		SolutionGuid = {191E6EDC-6168-497C-AEA3-CE4E9738CD15}
	EndGlobalSection
EndGlobal
