
Microsoft Visual Studio Solution File, Format Version 12.00
# Visual Studio Version 16
VisualStudioVersion = 16.0.30517.126
MinimumVisualStudioVersion = 10.0.40219.1
Project("{9A19103F-16F7-4668-BE54-9A1E7A4F7556}") = "SUS.HTTP", "SUS.HTTP\SUS.HTTP.csproj", "{6EF664E1-15BC-4E31-9B31-68C3DC139D1B}"
EndProject
Project("{9A19103F-16F7-4668-BE54-9A1E7A4F7556}") = "SUS.MvcFramework", "SUS.MvcFramework\SUS.MvcFramework.csproj", "{A21101D2-3BD3-4B6A-A854-7D5176A43C44}"
EndProject
Project("{2150E333-8FDC-42A3-9474-1A3956D46DE8}") = "Apps", "Apps", "{D058481A-B479-499D-ADB8-9108A526A334}"
EndProject
Project("{9A19103F-16F7-4668-BE54-9A1E7A4F7556}") = "SUS.MvcFramework.Tests", "SUS.MvcFramework.Tests\SUS.MvcFramework.Tests.csproj", "{618B3213-02EA-4E28-B5D1-9F7BC2EDCFDB}"
EndProject
Project("{9A19103F-16F7-4668-BE54-9A1E7A4F7556}") = "BattleCards", "Apps\BattleCards\BattleCards.csproj", "{6204167A-64AF-4AED-A891-F178B981DD6C}"
EndProject
Global
	GlobalSection(SolutionConfigurationPlatforms) = preSolution
		Debug|Any CPU = Debug|Any CPU
		Release|Any CPU = Release|Any CPU
	EndGlobalSection
	GlobalSection(ProjectConfigurationPlatforms) = postSolution
		{6EF664E1-15BC-4E31-9B31-68C3DC139D1B}.Debug|Any CPU.ActiveCfg = Debug|Any CPU
		{6EF664E1-15BC-4E31-9B31-68C3DC139D1B}.Debug|Any CPU.Build.0 = Debug|Any CPU
		{6EF664E1-15BC-4E31-9B31-68C3DC139D1B}.Release|Any CPU.ActiveCfg = Release|Any CPU
		{6EF664E1-15BC-4E31-9B31-68C3DC139D1B}.Release|Any CPU.Build.0 = Release|Any CPU
		{A21101D2-3BD3-4B6A-A854-7D5176A43C44}.Debug|Any CPU.ActiveCfg = Debug|Any CPU
		{A21101D2-3BD3-4B6A-A854-7D5176A43C44}.Debug|Any CPU.Build.0 = Debug|Any CPU
		{A21101D2-3BD3-4B6A-A854-7D5176A43C44}.Release|Any CPU.ActiveCfg = Release|Any CPU
		{A21101D2-3BD3-4B6A-A854-7D5176A43C44}.Release|Any CPU.Build.0 = Release|Any CPU
		{618B3213-02EA-4E28-B5D1-9F7BC2EDCFDB}.Debug|Any CPU.ActiveCfg = Debug|Any CPU
		{618B3213-02EA-4E28-B5D1-9F7BC2EDCFDB}.Debug|Any CPU.Build.0 = Debug|Any CPU
		{618B3213-02EA-4E28-B5D1-9F7BC2EDCFDB}.Release|Any CPU.ActiveCfg = Release|Any CPU
		{618B3213-02EA-4E28-B5D1-9F7BC2EDCFDB}.Release|Any CPU.Build.0 = Release|Any CPU
		{6204167A-64AF-4AED-A891-F178B981DD6C}.Debug|Any CPU.ActiveCfg = Debug|Any CPU
		{6204167A-64AF-4AED-A891-F178B981DD6C}.Debug|Any CPU.Build.0 = Debug|Any CPU
		{6204167A-64AF-4AED-A891-F178B981DD6C}.Release|Any CPU.ActiveCfg = Release|Any CPU
		{6204167A-64AF-4AED-A891-F178B981DD6C}.Release|Any CPU.Build.0 = Release|Any CPU
	EndGlobalSection
	GlobalSection(SolutionProperties) = preSolution
		HideSolutionNode = FALSE
	EndGlobalSection
	GlobalSection(NestedProjects) = preSolution
		{6204167A-64AF-4AED-A891-F178B981DD6C} = {D058481A-B479-499D-ADB8-9108A526A334}
	EndGlobalSection
	GlobalSection(ExtensibilityGlobals) = postSolution
		SolutionGuid = {1DE8A1FE-A195-4206-8DF0-E23F1C7707C8}
	EndGlobalSection
EndGlobal
