
Microsoft Visual Studio Solution File, Format Version 12.00
# Visual Studio Version 16
VisualStudioVersion = 16.0.29009.5
MinimumVisualStudioVersion = 10.0.40219.1
Project("{9A19103F-16F7-4668-BE54-9A1E7A4F7556}") = "Panda.Data", "Panda.Data\Panda.Data.csproj", "{D654099E-E431-48AF-B655-17BFB6DC48F2}"
EndProject
Project("{9A19103F-16F7-4668-BE54-9A1E7A4F7556}") = "Panda.Domain", "Panda.Domain\Panda.Domain.csproj", "{8899E681-CBDE-4518-B821-A17E3FE5A12D}"
EndProject
Project("{9A19103F-16F7-4668-BE54-9A1E7A4F7556}") = "Panda.App", "Panda.App\Panda.App.csproj", "{FC3F802E-DE0E-4B28-906A-218F875065AD}"
EndProject
Project("{FAE04EC0-301F-11D3-BF4B-00C04F79EFBC}") = "Panda.Service", "Panda.Service\Panda.Service.csproj", "{529B6CBA-8C93-447E-84C9-8CB43A6DE3ED}"
EndProject
Global
	GlobalSection(SolutionConfigurationPlatforms) = preSolution
		Debug|Any CPU = Debug|Any CPU
		Release|Any CPU = Release|Any CPU
	EndGlobalSection
	GlobalSection(ProjectConfigurationPlatforms) = postSolution
		{D654099E-E431-48AF-B655-17BFB6DC48F2}.Debug|Any CPU.ActiveCfg = Debug|Any CPU
		{D654099E-E431-48AF-B655-17BFB6DC48F2}.Debug|Any CPU.Build.0 = Debug|Any CPU
		{D654099E-E431-48AF-B655-17BFB6DC48F2}.Release|Any CPU.ActiveCfg = Release|Any CPU
		{D654099E-E431-48AF-B655-17BFB6DC48F2}.Release|Any CPU.Build.0 = Release|Any CPU
		{8899E681-CBDE-4518-B821-A17E3FE5A12D}.Debug|Any CPU.ActiveCfg = Debug|Any CPU
		{8899E681-CBDE-4518-B821-A17E3FE5A12D}.Debug|Any CPU.Build.0 = Debug|Any CPU
		{8899E681-CBDE-4518-B821-A17E3FE5A12D}.Release|Any CPU.ActiveCfg = Release|Any CPU
		{8899E681-CBDE-4518-B821-A17E3FE5A12D}.Release|Any CPU.Build.0 = Release|Any CPU
		{FC3F802E-DE0E-4B28-906A-218F875065AD}.Debug|Any CPU.ActiveCfg = Debug|Any CPU
		{FC3F802E-DE0E-4B28-906A-218F875065AD}.Debug|Any CPU.Build.0 = Debug|Any CPU
		{FC3F802E-DE0E-4B28-906A-218F875065AD}.Release|Any CPU.ActiveCfg = Release|Any CPU
		{FC3F802E-DE0E-4B28-906A-218F875065AD}.Release|Any CPU.Build.0 = Release|Any CPU
		{529B6CBA-8C93-447E-84C9-8CB43A6DE3ED}.Debug|Any CPU.ActiveCfg = Debug|Any CPU
		{529B6CBA-8C93-447E-84C9-8CB43A6DE3ED}.Debug|Any CPU.Build.0 = Debug|Any CPU
		{529B6CBA-8C93-447E-84C9-8CB43A6DE3ED}.Release|Any CPU.ActiveCfg = Release|Any CPU
		{529B6CBA-8C93-447E-84C9-8CB43A6DE3ED}.Release|Any CPU.Build.0 = Release|Any CPU
	EndGlobalSection
	GlobalSection(SolutionProperties) = preSolution
		HideSolutionNode = FALSE
	EndGlobalSection
	GlobalSection(ExtensibilityGlobals) = postSolution
		SolutionGuid = {04E2BE24-0BDC-4172-BF6A-10EAF4949D4E}
	EndGlobalSection
EndGlobal
