
Microsoft Visual Studio Solution File, Format Version 12.00
# Visual Studio Version 16
VisualStudioVersion = 16.0.30621.155
MinimumVisualStudioVersion = 10.0.40219.1
Project("{9A19103F-16F7-4668-BE54-9A1E7A4F7556}") = "MyFirstAspNetCoreApplication", "MyFirstAspNetCoreApplication\MyFirstAspNetCoreApplication.csproj", "{CEE73649-FF06-4B98-8C08-210AB72B7E23}"
EndProject
Project("{9A19103F-16F7-4668-BE54-9A1E7A4F7556}") = "Sandbox", "Sandbox\Sandbox.csproj", "{00FC220F-60A7-49A8-BC80-5DB0C9D8B78D}"
EndProject
Project("{FAE04EC0-301F-11D3-BF4B-00C04F79EFBC}") = "MyApp.Tests", "MyApp.Tests\MyApp.Tests.csproj", "{DF4C91EB-B72A-4215-9617-AD90237C6A94}"
EndProject
Global
	GlobalSection(SolutionConfigurationPlatforms) = preSolution
		Debug|Any CPU = Debug|Any CPU
		Release|Any CPU = Release|Any CPU
	EndGlobalSection
	GlobalSection(ProjectConfigurationPlatforms) = postSolution
		{CEE73649-FF06-4B98-8C08-210AB72B7E23}.Debug|Any CPU.ActiveCfg = Debug|Any CPU
		{CEE73649-FF06-4B98-8C08-210AB72B7E23}.Debug|Any CPU.Build.0 = Debug|Any CPU
		{CEE73649-FF06-4B98-8C08-210AB72B7E23}.Release|Any CPU.ActiveCfg = Release|Any CPU
		{CEE73649-FF06-4B98-8C08-210AB72B7E23}.Release|Any CPU.Build.0 = Release|Any CPU
		{00FC220F-60A7-49A8-BC80-5DB0C9D8B78D}.Debug|Any CPU.ActiveCfg = Debug|Any CPU
		{00FC220F-60A7-49A8-BC80-5DB0C9D8B78D}.Debug|Any CPU.Build.0 = Debug|Any CPU
		{00FC220F-60A7-49A8-BC80-5DB0C9D8B78D}.Release|Any CPU.ActiveCfg = Release|Any CPU
		{00FC220F-60A7-49A8-BC80-5DB0C9D8B78D}.Release|Any CPU.Build.0 = Release|Any CPU
		{DF4C91EB-B72A-4215-9617-AD90237C6A94}.Debug|Any CPU.ActiveCfg = Debug|Any CPU
		{DF4C91EB-B72A-4215-9617-AD90237C6A94}.Debug|Any CPU.Build.0 = Debug|Any CPU
		{DF4C91EB-B72A-4215-9617-AD90237C6A94}.Release|Any CPU.ActiveCfg = Release|Any CPU
		{DF4C91EB-B72A-4215-9617-AD90237C6A94}.Release|Any CPU.Build.0 = Release|Any CPU
	EndGlobalSection
	GlobalSection(SolutionProperties) = preSolution
		HideSolutionNode = FALSE
	EndGlobalSection
	GlobalSection(ExtensibilityGlobals) = postSolution
		SolutionGuid = {05447B41-74E3-47E9-8969-333AA771DA43}
	EndGlobalSection
EndGlobal
