
Microsoft Visual Studio Solution File, Format Version 12.00
# Visual Studio Version 16
VisualStudioVersion = 16.0.29009.5
MinimumVisualStudioVersion = 10.0.40219.1
Project("{FAE04EC0-301F-11D3-BF4B-00C04F79EFBC}") = "Demo.App", "Demo.App\Demo.App.csproj", "{122135D1-D35D-44CD-A21C-E817379DF3A0}"
EndProject
Project("{FAE04EC0-301F-11D3-BF4B-00C04F79EFBC}") = "Demo.Data", "Demo.Data\Demo.Data.csproj", "{D0CBA03E-AC24-438D-A718-6BACFDC079C6}"
EndProject
Project("{FAE04EC0-301F-11D3-BF4B-00C04F79EFBC}") = "Demo.Domain", "Demo.Domain\Demo.Domain.csproj", "{5452B861-0DFF-4438-BEBB-29225B0D97DB}"
EndProject
Global
	GlobalSection(SolutionConfigurationPlatforms) = preSolution
		Debug|Any CPU = Debug|Any CPU
		Release|Any CPU = Release|Any CPU
	EndGlobalSection
	GlobalSection(ProjectConfigurationPlatforms) = postSolution
		{122135D1-D35D-44CD-A21C-E817379DF3A0}.Debug|Any CPU.ActiveCfg = Debug|Any CPU
		{122135D1-D35D-44CD-A21C-E817379DF3A0}.Debug|Any CPU.Build.0 = Debug|Any CPU
		{122135D1-D35D-44CD-A21C-E817379DF3A0}.Release|Any CPU.ActiveCfg = Release|Any CPU
		{122135D1-D35D-44CD-A21C-E817379DF3A0}.Release|Any CPU.Build.0 = Release|Any CPU
		{D0CBA03E-AC24-438D-A718-6BACFDC079C6}.Debug|Any CPU.ActiveCfg = Debug|Any CPU
		{D0CBA03E-AC24-438D-A718-6BACFDC079C6}.Debug|Any CPU.Build.0 = Debug|Any CPU
		{D0CBA03E-AC24-438D-A718-6BACFDC079C6}.Release|Any CPU.ActiveCfg = Release|Any CPU
		{D0CBA03E-AC24-438D-A718-6BACFDC079C6}.Release|Any CPU.Build.0 = Release|Any CPU
		{5452B861-0DFF-4438-BEBB-29225B0D97DB}.Debug|Any CPU.ActiveCfg = Debug|Any CPU
		{5452B861-0DFF-4438-BEBB-29225B0D97DB}.Debug|Any CPU.Build.0 = Debug|Any CPU
		{5452B861-0DFF-4438-BEBB-29225B0D97DB}.Release|Any CPU.ActiveCfg = Release|Any CPU
		{5452B861-0DFF-4438-BEBB-29225B0D97DB}.Release|Any CPU.Build.0 = Release|Any CPU
	EndGlobalSection
	GlobalSection(SolutionProperties) = preSolution
		HideSolutionNode = FALSE
	EndGlobalSection
	GlobalSection(ExtensibilityGlobals) = postSolution
		SolutionGuid = {D703E7E9-A399-4388-BEFE-9FA534D50448}
	EndGlobalSection
EndGlobal
